
Microsoft Visual Studio Solution File, Format Version 12.00
# Visual Studio Version 17
VisualStudioVersion = 17.5.002.0
MinimumVisualStudioVersion = 10.0.40219.1
Project("{9A19103F-16F7-4668-BE54-9A1E7A4F7556}") = "Programa", "Programa\Programa.csproj", "{0AACBF58-837D-4229-8CEE-8202751B8F79}"
EndProject
Global
	GlobalSection(SolutionConfigurationPlatforms) = preSolution
		Debug|Any CPU = Debug|Any CPU
		Release|Any CPU = Release|Any CPU
	EndGlobalSection
	GlobalSection(ProjectConfigurationPlatforms) = postSolution
		{0AACBF58-837D-4229-8CEE-8202751B8F79}.Debug|Any CPU.ActiveCfg = Debug|Any CPU
		{0AACBF58-837D-4229-8CEE-8202751B8F79}.Debug|Any CPU.Build.0 = Debug|Any CPU
		{0AACBF58-837D-4229-8CEE-8202751B8F79}.Release|Any CPU.ActiveCfg = Release|Any CPU
		{0AACBF58-837D-4229-8CEE-8202751B8F79}.Release|Any CPU.Build.0 = Release|Any CPU
	EndGlobalSection
	GlobalSection(SolutionProperties) = preSolution
		HideSolutionNode = FALSE
	EndGlobalSection
	GlobalSection(ExtensibilityGlobals) = postSolution
		SolutionGuid = {B9AB2C01-68E6-472D-8904-BA61308ED33D}
	EndGlobalSection
EndGlobal
